Microsoft Visual Studio Solution File, Format Version 12.00
# Visual Studio Version 17
VisualStudioVersion = 17.5.2.0
MinimumVisualStudioVersion = 10.0.40219.1
Project("{2150E333-8FDC-42A3-9474-1A3956D46DE8}") = "amle-project", "amle-project", "{78E87D38-C562-03EA-AC71-6C466B779936}"
EndProject
Project("{FAE04EC0-301F-11D3-BF4B-00C04F79EFBC}") = "AMLEProjectDotNet", "amle-project\AMLEProjectDotNet\AMLEProjectDotNet.csproj", "{6781D777-EFBC-1D4D-6856-67D383BE46A9}"
EndProject
Global
	GlobalSection(SolutionConfigurationPlatforms) = preSolution
		Debug|Any CPU = Debug|Any CPU
		Release|Any CPU = Release|Any CPU
	EndGlobalSection
	GlobalSection(ProjectConfigurationPlatforms) = postSolution
		{6781D777-EFBC-1D4D-6856-67D383BE46A9}.Debug|Any CPU.ActiveCfg = Debug|Any CPU
		{6781D777-EFBC-1D4D-6856-67D383BE46A9}.Debug|Any CPU.Build.0 = Debug|Any CPU
		{6781D777-EFBC-1D4D-6856-67D383BE46A9}.Release|Any CPU.ActiveCfg = Release|Any CPU
		{6781D777-EFBC-1D4D-6856-67D383BE46A9}.Release|Any CPU.Build.0 = Release|Any CPU
	EndGlobalSection
	GlobalSection(SolutionProperties) = preSolution
		HideSolutionNode = FALSE
	EndGlobalSection
	GlobalSection(NestedProjects) = preSolution
		{6781D777-EFBC-1D4D-6856-67D383BE46A9} = {78E87D38-C562-03EA-AC71-6C466B779936}
	EndGlobalSection
	GlobalSection(ExtensibilityGlobals) = postSolution
		SolutionGuid = {21F718FC-E96A-44A2-A833-F3B04BCA37FF}
	EndGlobalSection
EndGlobal
